
Microsoft Visual Studio Solution File, Format Version 12.00
# Visual Studio Version 16
VisualStudioVersion = 16.0.31515.178
MinimumVisualStudioVersion = 10.0.40219.1
Project("{2150E333-8FDC-42A3-9474-1A3956D46DE8}") = "Solution Items", "Solution Items", "{713B991B-9264-447C-B5E5-A31D73B99A9C}"
	ProjectSection(SolutionItems) = preProject
		.editorconfig = .editorconfig
		Graph.CodeMap.dgml = Graph.CodeMap.dgml
		..\README.md = ..\README.md
	EndProjectSection
EndProject
Project("{9A19103F-16F7-4668-BE54-9A1E7A4F7556}") = "Graphs.DB", "Graph.DB\Graphs.DB.csproj", "{5456F1BB-02C2-414C-B5CA-8EBBAB778AC2}"
EndProject
Project("{9A19103F-16F7-4668-BE54-9A1E7A4F7556}") = "Graphs.Indexes", "Graph.Indexes\Graphs.Indexes.csproj", "{374E6536-BDAD-4AA5-9563-32FA45C8710D}"
EndProject
Project("{9A19103F-16F7-4668-BE54-9A1E7A4F7556}") = "Graph.Traversals", "Graph.Traversals\Graph.Traversals.csproj", "{4A7F6535-3700-4542-BF91-7716340196DF}"
EndProject
Project("{2150E333-8FDC-42A3-9474-1A3956D46DE8}") = "src", "src", "{9915047B-845D-4E77-B80C-DCDA75268A80}"
EndProject
Project("{2150E333-8FDC-42A3-9474-1A3956D46DE8}") = "test", "test", "{4BF8A6DB-C6FF-40BA-A190-39EC0D8E1AE4}"
EndProject
Project("{9A19103F-16F7-4668-BE54-9A1E7A4F7556}") = "Graphs.Elements", "Graph.Elements\Graphs.Elements.csproj", "{536195DE-9F68-4944-830F-0F62DEFC1F11}"
EndProject
Project("{9A19103F-16F7-4668-BE54-9A1E7A4F7556}") = "Graphs.IO", "Graph.IO\Graphs.IO.csproj", "{365B5D0D-93D7-4E59-B248-8A4FAEE0B251}"
EndProject
Project("{9A19103F-16F7-4668-BE54-9A1E7A4F7556}") = "Graphs.Indexes.Tests", "Graph.Indexes.Tests\Graphs.Indexes.Tests.csproj", "{D29D2DCC-08A0-4095-9C5F-9D4A04D92965}"
EndProject
Project("{9A19103F-16F7-4668-BE54-9A1E7A4F7556}") = "Graphs.Traversals.Tests", "Graph.Traversals.Tests\Graphs.Traversals.Tests.csproj", "{24F0C966-6262-4B1C-B6E2-0350D97ED00A}"
EndProject
Project("{9A19103F-16F7-4668-BE54-9A1E7A4F7556}") = "Graphs.Elements.Tests", "Graph.Elements.Tests\Graphs.Elements.Tests.csproj", "{5E46D03B-9E70-449A-8C5B-9E4214CE8176}"
EndProject
Project("{9A19103F-16F7-4668-BE54-9A1E7A4F7556}") = "Graphs.IO.Tests", "Graph.IO.Tests\Graphs.IO.Tests.csproj", "{48B89DE6-110E-46D6-9C26-2B3E413EC032}"
EndProject
Project("{2150E333-8FDC-42A3-9474-1A3956D46DE8}") = "game.poc", "game.poc", "{A3813B94-3004-447D-8D53-65F4261622D6}"
EndProject
Project("{9A19103F-16F7-4668-BE54-9A1E7A4F7556}") = "Game.Adventure", "Game.Adventure\Game.Adventure.csproj", "{BCFA30E5-7B5E-4B33-92CD-C5DCE1CA0290}"
EndProject
Project("{9A19103F-16F7-4668-BE54-9A1E7A4F7556}") = "Game.Generator", "Game.Generator\Game.Generator.csproj", "{0E417598-8481-4B2C-8A4A-C7A1AF042C6C}"
EndProject
Project("{FAE04EC0-301F-11D3-BF4B-00C04F79EFBC}") = "Game.Controller", "Game.Controller\Game.Controller.csproj", "{C08A79BC-5269-459A-9291-498BC883D4D9}"
EndProject
Project("{FAE04EC0-301F-11D3-BF4B-00C04F79EFBC}") = "Game.Controller.Tests", "Game.Controller.Tests\Game.Controller.Tests.csproj", "{50ED88E4-C72D-43E6-BF01-121E40F66C1F}"
EndProject
Global
	GlobalSection(SolutionConfigurationPlatforms) = preSolution
		Debug|Any CPU = Debug|Any CPU
		Release|Any CPU = Release|Any CPU
	EndGlobalSection
	GlobalSection(ProjectConfigurationPlatforms) = postSolution
		{5456F1BB-02C2-414C-B5CA-8EBBAB778AC2}.Debug|Any CPU.ActiveCfg = Debug|Any CPU
		{5456F1BB-02C2-414C-B5CA-8EBBAB778AC2}.Debug|Any CPU.Build.0 = Debug|Any CPU
		{5456F1BB-02C2-414C-B5CA-8EBBAB778AC2}.Release|Any CPU.ActiveCfg = Release|Any CPU
		{5456F1BB-02C2-414C-B5CA-8EBBAB778AC2}.Release|Any CPU.Build.0 = Release|Any CPU
		{374E6536-BDAD-4AA5-9563-32FA45C8710D}.Debug|Any CPU.ActiveCfg = Debug|Any CPU
		{374E6536-BDAD-4AA5-9563-32FA45C8710D}.Debug|Any CPU.Build.0 = Debug|Any CPU
		{374E6536-BDAD-4AA5-9563-32FA45C8710D}.Release|Any CPU.ActiveCfg = Release|Any CPU
		{374E6536-BDAD-4AA5-9563-32FA45C8710D}.Release|Any CPU.Build.0 = Release|Any CPU
		{4A7F6535-3700-4542-BF91-7716340196DF}.Debug|Any CPU.ActiveCfg = Debug|Any CPU
		{4A7F6535-3700-4542-BF91-7716340196DF}.Debug|Any CPU.Build.0 = Debug|Any CPU
		{4A7F6535-3700-4542-BF91-7716340196DF}.Release|Any CPU.ActiveCfg = Release|Any CPU
		{4A7F6535-3700-4542-BF91-7716340196DF}.Release|Any CPU.Build.0 = Release|Any CPU
		{536195DE-9F68-4944-830F-0F62DEFC1F11}.Debug|Any CPU.ActiveCfg = Debug|Any CPU
		{536195DE-9F68-4944-830F-0F62DEFC1F11}.Debug|Any CPU.Build.0 = Debug|Any CPU
		{536195DE-9F68-4944-830F-0F62DEFC1F11}.Release|Any CPU.ActiveCfg = Release|Any CPU
		{536195DE-9F68-4944-830F-0F62DEFC1F11}.Release|Any CPU.Build.0 = Release|Any CPU
		{365B5D0D-93D7-4E59-B248-8A4FAEE0B251}.Debug|Any CPU.ActiveCfg = Debug|Any CPU
		{365B5D0D-93D7-4E59-B248-8A4FAEE0B251}.Debug|Any CPU.Build.0 = Debug|Any CPU
		{365B5D0D-93D7-4E59-B248-8A4FAEE0B251}.Release|Any CPU.ActiveCfg = Release|Any CPU
		{365B5D0D-93D7-4E59-B248-8A4FAEE0B251}.Release|Any CPU.Build.0 = Release|Any CPU
		{D29D2DCC-08A0-4095-9C5F-9D4A04D92965}.Debug|Any CPU.ActiveCfg = Debug|Any CPU
		{D29D2DCC-08A0-4095-9C5F-9D4A04D92965}.Debug|Any CPU.Build.0 = Debug|Any CPU
		{D29D2DCC-08A0-4095-9C5F-9D4A04D92965}.Release|Any CPU.ActiveCfg = Release|Any CPU
		{D29D2DCC-08A0-4095-9C5F-9D4A04D92965}.Release|Any CPU.Build.0 = Release|Any CPU
		{24F0C966-6262-4B1C-B6E2-0350D97ED00A}.Debug|Any CPU.ActiveCfg = Debug|Any CPU
		{24F0C966-6262-4B1C-B6E2-0350D97ED00A}.Debug|Any CPU.Build.0 = Debug|Any CPU
		{24F0C966-6262-4B1C-B6E2-0350D97ED00A}.Release|Any CPU.ActiveCfg = Release|Any CPU
		{24F0C966-6262-4B1C-B6E2-0350D97ED00A}.Release|Any CPU.Build.0 = Release|Any CPU
		{5E46D03B-9E70-449A-8C5B-9E4214CE8176}.Debug|Any CPU.ActiveCfg = Debug|Any CPU
		{5E46D03B-9E70-449A-8C5B-9E4214CE8176}.Debug|Any CPU.Build.0 = Debug|Any CPU
		{5E46D03B-9E70-449A-8C5B-9E4214CE8176}.Release|Any CPU.ActiveCfg = Release|Any CPU
		{5E46D03B-9E70-449A-8C5B-9E4214CE8176}.Release|Any CPU.Build.0 = Release|Any CPU
		{48B89DE6-110E-46D6-9C26-2B3E413EC032}.Debug|Any CPU.ActiveCfg = Debug|Any CPU
		{48B89DE6-110E-46D6-9C26-2B3E413EC032}.Debug|Any CPU.Build.0 = Debug|Any CPU
		{48B89DE6-110E-46D6-9C26-2B3E413EC032}.Release|Any CPU.ActiveCfg = Release|Any CPU
		{48B89DE6-110E-46D6-9C26-2B3E413EC032}.Release|Any CPU.Build.0 = Release|Any CPU
		{BCFA30E5-7B5E-4B33-92CD-C5DCE1CA0290}.Debug|Any CPU.ActiveCfg = Debug|Any CPU
		{BCFA30E5-7B5E-4B33-92CD-C5DCE1CA0290}.Debug|Any CPU.Build.0 = Debug|Any CPU
		{BCFA30E5-7B5E-4B33-92CD-C5DCE1CA0290}.Release|Any CPU.ActiveCfg = Release|Any CPU
		{BCFA30E5-7B5E-4B33-92CD-C5DCE1CA0290}.Release|Any CPU.Build.0 = Release|Any CPU
		{0E417598-8481-4B2C-8A4A-C7A1AF042C6C}.Debug|Any CPU.ActiveCfg = Debug|Any CPU
		{0E417598-8481-4B2C-8A4A-C7A1AF042C6C}.Debug|Any CPU.Build.0 = Debug|Any CPU
		{0E417598-8481-4B2C-8A4A-C7A1AF042C6C}.Release|Any CPU.ActiveCfg = Release|Any CPU
		{0E417598-8481-4B2C-8A4A-C7A1AF042C6C}.Release|Any CPU.Build.0 = Release|Any CPU
		{C08A79BC-5269-459A-9291-498BC883D4D9}.Debug|Any CPU.ActiveCfg = Debug|Any CPU
		{C08A79BC-5269-459A-9291-498BC883D4D9}.Debug|Any CPU.Build.0 = Debug|Any CPU
		{C08A79BC-5269-459A-9291-498BC883D4D9}.Release|Any CPU.ActiveCfg = Release|Any CPU
		{C08A79BC-5269-459A-9291-498BC883D4D9}.Release|Any CPU.Build.0 = Release|Any CPU
		{50ED88E4-C72D-43E6-BF01-121E40F66C1F}.Debug|Any CPU.ActiveCfg = Debug|Any CPU
		{50ED88E4-C72D-43E6-BF01-121E40F66C1F}.Debug|Any CPU.Build.0 = Debug|Any CPU
		{50ED88E4-C72D-43E6-BF01-121E40F66C1F}.Release|Any CPU.ActiveCfg = Release|Any CPU
		{50ED88E4-C72D-43E6-BF01-121E40F66C1F}.Release|Any CPU.Build.0 = Release|Any CPU
	EndGlobalSection
	GlobalSection(SolutionProperties) = preSolution
		HideSolutionNode = FALSE
	EndGlobalSection
	GlobalSection(NestedProjects) = preSolution
		{5456F1BB-02C2-414C-B5CA-8EBBAB778AC2} = {9915047B-845D-4E77-B80C-DCDA75268A80}
		{374E6536-BDAD-4AA5-9563-32FA45C8710D} = {9915047B-845D-4E77-B80C-DCDA75268A80}
		{4A7F6535-3700-4542-BF91-7716340196DF} = {9915047B-845D-4E77-B80C-DCDA75268A80}
		{536195DE-9F68-4944-830F-0F62DEFC1F11} = {9915047B-845D-4E77-B80C-DCDA75268A80}
		{365B5D0D-93D7-4E59-B248-8A4FAEE0B251} = {9915047B-845D-4E77-B80C-DCDA75268A80}
		{D29D2DCC-08A0-4095-9C5F-9D4A04D92965} = {4BF8A6DB-C6FF-40BA-A190-39EC0D8E1AE4}
		{24F0C966-6262-4B1C-B6E2-0350D97ED00A} = {4BF8A6DB-C6FF-40BA-A190-39EC0D8E1AE4}
		{5E46D03B-9E70-449A-8C5B-9E4214CE8176} = {4BF8A6DB-C6FF-40BA-A190-39EC0D8E1AE4}
		{48B89DE6-110E-46D6-9C26-2B3E413EC032} = {4BF8A6DB-C6FF-40BA-A190-39EC0D8E1AE4}
		{BCFA30E5-7B5E-4B33-92CD-C5DCE1CA0290} = {A3813B94-3004-447D-8D53-65F4261622D6}
		{0E417598-8481-4B2C-8A4A-C7A1AF042C6C} = {A3813B94-3004-447D-8D53-65F4261622D6}
		{C08A79BC-5269-459A-9291-498BC883D4D9} = {A3813B94-3004-447D-8D53-65F4261622D6}
		{50ED88E4-C72D-43E6-BF01-121E40F66C1F} = {4BF8A6DB-C6FF-40BA-A190-39EC0D8E1AE4}
	EndGlobalSection
	GlobalSection(ExtensibilityGlobals) = postSolution
		SolutionGuid = {D4FF5415-98E3-4C9E-A10D-75A2795F81C3}
	EndGlobalSection
EndGlobal
