
Microsoft Visual Studio Solution File, Format Version 12.00
# Visual Studio Version 16
VisualStudioVersion = 16.0.31515.178
MinimumVisualStudioVersion = 10.0.40219.1
Project("{9A19103F-16F7-4668-BE54-9A1E7A4F7556}") = "Graph", "graph.lib\Graph.csproj", "{5FD338E4-8D5C-4F6D-B802-A93F4729C70C}"
EndProject
Project("{2150E333-8FDC-42A3-9474-1A3956D46DE8}") = "Solution Items", "Solution Items", "{713B991B-9264-447C-B5E5-A31D73B99A9C}"
	ProjectSection(SolutionItems) = preProject
		.editorconfig = .editorconfig
	EndProjectSection
EndProject
Project("{FAE04EC0-301F-11D3-BF4B-00C04F79EFBC}") = "Graph.IO", "Graph.IO\Graph.IO.csproj", "{1A1A1F2A-1330-4BB6-B8E5-A2EFA833217E}"
EndProject
Global
	GlobalSection(SolutionConfigurationPlatforms) = preSolution
		Debug|Any CPU = Debug|Any CPU
		Release|Any CPU = Release|Any CPU
	EndGlobalSection
	GlobalSection(ProjectConfigurationPlatforms) = postSolution
		{5FD338E4-8D5C-4F6D-B802-A93F4729C70C}.Debug|Any CPU.ActiveCfg = Debug|Any CPU
		{5FD338E4-8D5C-4F6D-B802-A93F4729C70C}.Debug|Any CPU.Build.0 = Debug|Any CPU
		{5FD338E4-8D5C-4F6D-B802-A93F4729C70C}.Release|Any CPU.ActiveCfg = Release|Any CPU
		{5FD338E4-8D5C-4F6D-B802-A93F4729C70C}.Release|Any CPU.Build.0 = Release|Any CPU
		{1A1A1F2A-1330-4BB6-B8E5-A2EFA833217E}.Debug|Any CPU.ActiveCfg = Debug|Any CPU
		{1A1A1F2A-1330-4BB6-B8E5-A2EFA833217E}.Debug|Any CPU.Build.0 = Debug|Any CPU
		{1A1A1F2A-1330-4BB6-B8E5-A2EFA833217E}.Release|Any CPU.ActiveCfg = Release|Any CPU
		{1A1A1F2A-1330-4BB6-B8E5-A2EFA833217E}.Release|Any CPU.Build.0 = Release|Any CPU
	EndGlobalSection
	GlobalSection(SolutionProperties) = preSolution
		HideSolutionNode = FALSE
	EndGlobalSection
	GlobalSection(ExtensibilityGlobals) = postSolution
		SolutionGuid = {D4FF5415-98E3-4C9E-A10D-75A2795F81C3}
	EndGlobalSection
EndGlobal
